
Microsoft Visual Studio Solution File, Format Version 12.00
# Visual Studio Version 16
VisualStudioVersion = 16.0.28621.142
MinimumVisualStudioVersion = 10.0.40219.1
Project("{FAE04EC0-301F-11D3-BF4B-00C04F79EFBC}") = "MVC5WithWebApiExample", "MVC5WithWebApiExample\MVC5WithWebApiExample.csproj", "{B9A0E1D9-0A52-47B5-9CB1-125AE694990B}"
EndProject
Global
	GlobalSection(SolutionConfigurationPlatforms) = preSolution
		Debug|Any CPU = Debug|Any CPU
		Release|Any CPU = Release|Any CPU
	EndGlobalSection
	GlobalSection(ProjectConfigurationPlatforms) = postSolution
		{B9A0E1D9-0A52-47B5-9CB1-125AE694990B}.Debug|Any CPU.ActiveCfg = Debug|Any CPU
		{B9A0E1D9-0A52-47B5-9CB1-125AE694990B}.Debug|Any CPU.Build.0 = Debug|Any CPU
		{B9A0E1D9-0A52-47B5-9CB1-125AE694990B}.Release|Any CPU.ActiveCfg = Release|Any CPU
		{B9A0E1D9-0A52-47B5-9CB1-125AE694990B}.Release|Any CPU.Build.0 = Release|Any CPU
	EndGlobalSection
	GlobalSection(SolutionProperties) = preSolution
		HideSolutionNode = FALSE
	EndGlobalSection
	GlobalSection(ExtensibilityGlobals) = postSolution
		SolutionGuid = {89B07B61-C538-4A56-93BD-A8262E8F7EAE}
	EndGlobalSection
EndGlobal
